// !$*UTF8*$!
{
	archiveVersion = 1;
	classes = {
	};
	objectVersion = 50;
	objects = {

/* Begin PBXBuildFile section */
		6523DA0E606BA045A6AE6C44 /* libPods-SYGMusicPlayer.a in Frameworks */ = {isa = PBXBuildFile; fileRef = EFE711ECD93557A476E0BA0F /* libPods-SYGMusicPlayer.a */; };
		9B42A128216BC1BB0024D523 /* AppDelegate.m in Sources */ = {isa = PBXBuildFile; fileRef = 9B42A127216BC1BB0024D523 /* AppDelegate.m */; };
		9B42A12B216BC1BB0024D523 /* ViewController.m in Sources */ = {isa = PBXBuildFile; fileRef = 9B42A12A216BC1BB0024D523 /* ViewController.m */; };
		9B42A12E216BC1BB0024D523 /* Main.storyboard in Resources */ = {isa = PBXBuildFile; fileRef = 9B42A12C216BC1BB0024D523 /* Main.storyboard */; };
		9B42A130216BC1BF0024D523 /* Assets.xcassets in Resources */ = {isa = PBXBuildFile; fileRef = 9B42A12F216BC1BF0024D523 /* Assets.xcassets */; };
		9B42A133216BC1BF0024D523 /* LaunchScreen.storyboard in Resources */ = {isa = PBXBuildFile; fileRef = 9B42A131216BC1BF0024D523 /* LaunchScreen.storyboard */; };
		9B42A136216BC1BF0024D523 /* main.m in Sources */ = {isa = PBXBuildFile; fileRef = 9B42A135216BC1BF0024D523 /* main.m */; };
		9B42A140216BC1BF0024D523 /* SYGMusicPlayerTests.m in Sources */ = {isa = PBXBuildFile; fileRef = 9B42A13F216BC1BF0024D523 /* SYGMusicPlayerTests.m */; };
		9B42A14B216BC1BF0024D523 /* SYGMusicPlayerUITests.m in Sources */ = {isa = PBXBuildFile; fileRef = 9B42A14A216BC1BF0024D523 /* SYGMusicPlayerUITests.m */; };
/* End PBXBuildFile section */

/* Begin PBXContainerItemProxy section */
		9B42A13C216BC1BF0024D523 /* PBXContainerItemProxy */ = {
			isa = PBXContainerItemProxy;
			containerPortal = 9B42A11B216BC1BB0024D523 /* Project object */;
			proxyType = 1;
			remoteGlobalIDString = 9B42A122216BC1BB0024D523;
			remoteInfo = SYGMusicPlayer;
		};
		9B42A147216BC1BF0024D523 /* PBXContainerItemProxy */ = {
			isa = PBXContainerItemProxy;
			containerPortal = 9B42A11B216BC1BB0024D523 /* Project object */;
			proxyType = 1;
			remoteGlobalIDString = 9B42A122216BC1BB0024D523;
			remoteInfo = SYGMusicPlayer;
		};
/* End PBXContainerItemProxy section */

/* Begin PBXFileReference section */
		55B34740ABE5D93F4CD48C21 /* Pods-SYGMusicPlayer.release.xcconfig */ = {isa = PBXFileReference; includeInIndex = 1; lastKnownFileType = text.xcconfig; name = "Pods-SYGMusicPlayer.release.xcconfig"; path = "Pods/Target Support Files/Pods-SYGMusicPlayer/Pods-SYGMusicPlayer.release.xcconfig"; sourceTree = "<group>"; };
		85B16188528F1FA9140BC874 /* Pods-SYGMusicPlayer.debug.xcconfig */ = {isa = PBXFileReference; includeInIndex = 1; lastKnownFileType = text.xcconfig; name = "Pods-SYGMusicPlayer.debug.xcconfig"; path = "Pods/Target Support Files/Pods-SYGMusicPlayer/Pods-SYGMusicPlayer.debug.xcconfig"; sourceTree = "<group>"; };
		9B42A123216BC1BB0024D523 /* SYGMusicPlayer.app */ = {isa = PBXFileReference; explicitFileType = wrapper.application; includeInIndex = 0; path = SYGMusicPlayer.app; sourceTree = BUILT_PRODUCTS_DIR; };
		9B42A126216BC1BB0024D523 /* AppDelegate.h */ = {isa = PBXFileReference; lastKnownFileType = sourcecode.c.h; path = AppDelegate.h; sourceTree = "<group>"; };
		9B42A127216BC1BB0024D523 /* AppDelegate.m */ = {isa = PBXFileReference; lastKnownFileType = sourcecode.c.objc; path = AppDelegate.m; sourceTree = "<group>"; };
		9B42A129216BC1BB0024D523 /* ViewController.h */ = {isa = PBXFileReference; lastKnownFileType = sourcecode.c.h; path = ViewController.h; sourceTree = "<group>"; };
		9B42A12A216BC1BB0024D523 /* ViewController.m */ = {isa = PBXFileReference; lastKnownFileType = sourcecode.c.objc; path = ViewController.m; sourceTree = "<group>"; };
		9B42A12D216BC1BB0024D523 /* Base */ = {isa = PBXFileReference; lastKnownFileType = file.storyboard; name = Base; path = Base.lproj/Main.storyboard; sourceTree = "<group>"; };
		9B42A12F216BC1BF0024D523 /* Assets.xcassets */ = {isa = PBXFileReference; lastKnownFileType = folder.assetcatalog; path = Assets.xcassets; sourceTree = "<group>"; };
		9B42A132216BC1BF0024D523 /* Base */ = {isa = PBXFileReference; lastKnownFileType = file.storyboard; name = Base; path = Base.lproj/LaunchScreen.storyboard; sourceTree = "<group>"; };
		9B42A134216BC1BF0024D523 /* Info.plist */ = {isa = PBXFileReference; lastKnownFileType = text.plist.xml; path = Info.plist; sourceTree = "<group>"; };
		9B42A135216BC1BF0024D523 /* main.m */ = {isa = PBXFileReference; lastKnownFileType = sourcecode.c.objc; path = main.m; sourceTree = "<group>"; };
		9B42A13B216BC1BF0024D523 /* SYGMusicPlayerTests.xctest */ = {isa = PBXFileReference; explicitFileType = wrapper.cfbundle; includeInIndex = 0; path = SYGMusicPlayerTests.xctest; sourceTree = BUILT_PRODUCTS_DIR; };
		9B42A13F216BC1BF0024D523 /* SYGMusicPlayerTests.m */ = {isa = PBXFileReference; lastKnownFileType = sourcecode.c.objc; path = SYGMusicPlayerTests.m; sourceTree = "<group>"; };
		9B42A141216BC1BF0024D523 /* Info.plist */ = {isa = PBXFileReference; lastKnownFileType = text.plist.xml; path = Info.plist; sourceTree = "<group>"; };
		9B42A146216BC1BF0024D523 /* SYGMusicPlayerUITests.xctest */ = {isa = PBXFileReference; explicitFileType = wrapper.cfbundle; includeInIndex = 0; path = SYGMusicPlayerUITests.xctest; sourceTree = BUILT_PRODUCTS_DIR; };
		9B42A14A216BC1BF0024D523 /* SYGMusicPlayerUITests.m */ = {isa = PBXFileReference; lastKnownFileType = sourcecode.c.objc; path = SYGMusicPlayerUITests.m; sourceTree = "<group>"; };
		9B42A14C216BC1BF0024D523 /* Info.plist */ = {isa = PBXFileReference; lastKnownFileType = text.plist.xml; path = Info.plist; sourceTree = "<group>"; };
		EFE711ECD93557A476E0BA0F /* libPods-SYGMusicPlayer.a */ = {isa = PBXFileReference; explicitFileType = archive.ar; includeInIndex = 0; path = "libPods-SYGMusicPlayer.a"; sourceTree = BUILT_PRODUCTS_DIR; };
/* End PBXFileReference section */

/* Begin PBXFrameworksBuildPhase section */
		9B42A120216BC1BB0024D523 /* Frameworks */ = {
			isa = PBXFrameworksBuildPhase;
			buildActionMask = 2147483647;
			files = (
				6523DA0E606BA045A6AE6C44 /* libPods-SYGMusicPlayer.a in Frameworks */,
			);
			runOnlyForDeploymentPostprocessing = 0;
		};
		9B42A138216BC1BF0024D523 /* Frameworks */ = {
			isa = PBXFrameworksBuildPhase;
			buildActionMask = 2147483647;
			files = (
			);
			runOnlyForDeploymentPostprocessing = 0;
		};
		9B42A143216BC1BF0024D523 /* Frameworks */ = {
			isa = PBXFrameworksBuildPhase;
			buildActionMask = 2147483647;
			files = (
			);
			runOnlyForDeploymentPostprocessing = 0;
		};
/* End PBXFrameworksBuildPhase section */

/* Begin PBXGroup section */
		514D1A4E448D6ECFF0ED5F29 /* Pods */ = {
			isa = PBXGroup;
			children = (
				85B16188528F1FA9140BC874 /* Pods-SYGMusicPlayer.debug.xcconfig */,
				55B34740ABE5D93F4CD48C21 /* Pods-SYGMusicPlayer.release.xcconfig */,
			);
			name = Pods;
			sourceTree = "<group>";
		};
		68E7CA485C43E9DA709F0A5F /* Frameworks */ = {
			isa = PBXGroup;
			children = (
				EFE711ECD93557A476E0BA0F /* libPods-SYGMusicPlayer.a */,
			);
			name = Frameworks;
			sourceTree = "<group>";
		};
		9B42A11A216BC1BB0024D523 = {
			isa = PBXGroup;
			children = (
				9B42A125216BC1BB0024D523 /* SYGMusicPlayer */,
				9B42A13E216BC1BF0024D523 /* SYGMusicPlayerTests */,
				9B42A149216BC1BF0024D523 /* SYGMusicPlayerUITests */,
				9B42A124216BC1BB0024D523 /* Products */,
				514D1A4E448D6ECFF0ED5F29 /* Pods */,
				68E7CA485C43E9DA709F0A5F /* Frameworks */,
			);
			sourceTree = "<group>";
		};
		9B42A124216BC1BB0024D523 /* Products */ = {
			isa = PBXGroup;
			children = (
				9B42A123216BC1BB0024D523 /* SYGMusicPlayer.app */,
				9B42A13B216BC1BF0024D523 /* SYGMusicPlayerTests.xctest */,
				9B42A146216BC1BF0024D523 /* SYGMusicPlayerUITests.xctest */,
			);
			name = Products;
			sourceTree = "<group>";
		};
		9B42A125216BC1BB0024D523 /* SYGMusicPlayer */ = {
			isa = PBXGroup;
			children = (
				9B42A126216BC1BB0024D523 /* AppDelegate.h */,
				9B42A127216BC1BB0024D523 /* AppDelegate.m */,
				9B42A129216BC1BB0024D523 /* ViewController.h */,
				9B42A12A216BC1BB0024D523 /* ViewController.m */,
				9B42A12C216BC1BB0024D523 /* Main.storyboard */,
				9B42A12F216BC1BF0024D523 /* Assets.xcassets */,
				9B42A131216BC1BF0024D523 /* LaunchScreen.storyboard */,
				9B42A134216BC1BF0024D523 /* Info.plist */,
				9B42A135216BC1BF0024D523 /* main.m */,
			);
			path = SYGMusicPlayer;
			sourceTree = "<group>";
		};
		9B42A13E216BC1BF0024D523 /* SYGMusicPlayerTests */ = {
			isa = PBXGroup;
			children = (
				9B42A13F216BC1BF0024D523 /* SYGMusicPlayerTests.m */,
				9B42A141216BC1BF0024D523 /* Info.plist */,
			);
			path = SYGMusicPlayerTests;
			sourceTree = "<group>";
		};
		9B42A149216BC1BF0024D523 /* SYGMusicPlayerUITests */ = {
			isa = PBXGroup;
			children = (
				9B42A14A216BC1BF0024D523 /* SYGMusicPlayerUITests.m */,
				9B42A14C216BC1BF0024D523 /* Info.plist */,
			);
			path = SYGMusicPlayerUITests;
			sourceTree = "<group>";
		};
/* End PBXGroup section */

/* Begin PBXNativeTarget section */
		9B42A122216BC1BB0024D523 /* SYGMusicPlayer */ = {
			isa = PBXNativeTarget;
			buildConfigurationList = 9B42A14F216BC1BF0024D523 /* Build configuration list for PBXNativeTarget "SYGMusicPlayer" */;
			buildPhases = (
				B468C2F6BB12218A2D986940 /* [CP] Check Pods Manifest.lock */,
				9B42A11F216BC1BB0024D523 /* Sources */,
				9B42A120216BC1BB0024D523 /* Frameworks */,
				9B42A121216BC1BB0024D523 /* Resources */,
			);
			buildRules = (
			);
			dependencies = (
			);
			name = SYGMusicPlayer;
			productName = SYGMusicPlayer;
			productReference = 9B42A123216BC1BB0024D523 /* SYGMusicPlayer.app */;
			productType = "com.apple.product-type.application";
		};
		9B42A13A216BC1BF0024D523 /* SYGMusicPlayerTests */ = {
			isa = PBXNativeTarget;
			buildConfigurationList = 9B42A152216BC1BF0024D523 /* Build configuration list for PBXNativeTarget "SYGMusicPlayerTests" */;
			buildPhases = (
				9B42A137216BC1BF0024D523 /* Sources */,
				9B42A138216BC1BF0024D523 /* Frameworks */,
				9B42A139216BC1BF0024D523 /* Resources */,
			);
			buildRules = (
			);
			dependencies = (
				9B42A13D216BC1BF0024D523 /* PBXTargetDependency */,
			);
			name = SYGMusicPlayerTests;
			productName = SYGMusicPlayerTests;
			productReference = 9B42A13B216BC1BF0024D523 /* SYGMusicPlayerTests.xctest */;
			productType = "com.apple.product-type.bundle.unit-test";
		};
		9B42A145216BC1BF0024D523 /* SYGMusicPlayerUITests */ = {
			isa = PBXNativeTarget;
			buildConfigurationList = 9B42A155216BC1BF0024D523 /* Build configuration list for PBXNativeTarget "SYGMusicPlayerUITests" */;
			buildPhases = (
				9B42A142216BC1BF0024D523 /* Sources */,
				9B42A143216BC1BF0024D523 /* Frameworks */,
				9B42A144216BC1BF0024D523 /* Resources */,
			);
			buildRules = (
			);
			dependencies = (
				9B42A148216BC1BF0024D523 /* PBXTargetDependency */,
			);
			name = SYGMusicPlayerUITests;
			productName = SYGMusicPlayerUITests;
			productReference = 9B42A146216BC1BF0024D523 /* SYGMusicPlayerUITests.xctest */;
			productType = "com.apple.product-type.bundle.ui-testing";
		};
/* End PBXNativeTarget section */

/* Begin PBXProject section */
		9B42A11B216BC1BB0024D523 /* Project object */ = {
			isa = PBXProject;
			attributes = {
				LastUpgradeCheck = 0930;
				ORGANIZATIONNAME = SunYanGui;
				TargetAttributes = {
					9B42A122216BC1BB0024D523 = {
						CreatedOnToolsVersion = 9.3;
					};
					9B42A13A216BC1BF0024D523 = {
						CreatedOnToolsVersion = 9.3;
						TestTargetID = 9B42A122216BC1BB0024D523;
					};
					9B42A145216BC1BF0024D523 = {
						CreatedOnToolsVersion = 9.3;
						TestTargetID = 9B42A122216BC1BB0024D523;
					};
				};
			};
			buildConfigurationList = 9B42A11E216BC1BB0024D523 /* Build configuration list for PBXProject "SYGMusicPlayer" */;
			compatibilityVersion = "Xcode 9.3";
			developmentRegion = en;
			hasScannedForEncodings = 0;
			knownRegions = (
				en,
				Base,
			);
			mainGroup = 9B42A11A216BC1BB0024D523;
			productRefGroup = 9B42A124216BC1BB0024D523 /* Products */;
			projectDirPath = "";
			projectRoot = "";
			targets = (
				9B42A122216BC1BB0024D523 /* SYGMusicPlayer */,
				9B42A13A216BC1BF0024D523 /* SYGMusicPlayerTests */,
				9B42A145216BC1BF0024D523 /* SYGMusicPlayerUITests */,
			);
		};
/* End PBXProject section */

/* Begin PBXResourcesBuildPhase section */
		9B42A121216BC1BB0024D523 /* Resources */ = {
			isa = PBXResourcesBuildPhase;
			buildActionMask = 2147483647;
			files = (
				9B42A133216BC1BF0024D523 /* LaunchScreen.storyboard in Resources */,
				9B42A130216BC1BF0024D523 /* Assets.xcassets in Resources */,
				9B42A12E216BC1BB0024D523 /* Main.storyboard in Resources */,
			);
			runOnlyForDeploymentPostprocessing = 0;
		};
		9B42A139216BC1BF0024D523 /* Resources */ = {
			isa = PBXResourcesBuildPhase;
			buildActionMask = 2147483647;
			files = (
			);
			runOnlyForDeploymentPostprocessing = 0;
		};
		9B42A144216BC1BF0024D523 /* Resources */ = {
			isa = PBXResourcesBuildPhase;
			buildActionMask = 2147483647;
			files = (
			);
			runOnlyForDeploymentPostprocessing = 0;
		};
/* End PBXResourcesBuildPhase section */

/* Begin PBXShellScriptBuildPhase section */
		B468C2F6BB12218A2D986940 /* [CP] Check Pods Manifest.lock */ = {
			isa = PBXShellScriptBuildPhase;
			buildActionMask = 2147483647;
			files = (
			);
			inputPaths = (
				"${PODS_PODFILE_DIR_PATH}/Podfile.lock",
				"${PODS_ROOT}/Manifest.lock",
			);
			name = "[CP] Check Pods Manifest.lock";
			outputPaths = (
				"$(DERIVED_FILE_DIR)/Pods-SYGMusicPlayer-checkManifestLockResult.txt",
			);
			runOnlyForDeploymentPostprocessing = 0;
			shellPath = /bin/sh;
			shellScript = "diff \"${PODS_PODFILE_DIR_PATH}/Podfile.lock\" \"${PODS_ROOT}/Manifest.lock\" > /dev/null\nif [ $? != 0 ] ; then\n    # print error to STDERR\n    echo \"error: The sandbox is not in sync with the Podfile.lock. Run 'pod install' or update your CocoaPods installation.\" >&2\n    exit 1\nfi\n# This output is used by Xcode 'outputs' to avoid re-running this script phase.\necho \"SUCCESS\" > \"${SCRIPT_OUTPUT_FILE_0}\"\n";
			showEnvVarsInLog = 0;
		};
/* End PBXShellScriptBuildPhase section */

/* Begin PBXSourcesBuildPhase section */
		9B42A11F216BC1BB0024D523 /* Sources */ = {
			isa = PBXSourcesBuildPhase;
			buildActionMask = 2147483647;
			files = (
				9B42A12B216BC1BB0024D523 /* ViewController.m in Sources */,
				9B42A136216BC1BF0024D523 /* main.m in Sources */,
				9B42A128216BC1BB0024D523 /* AppDelegate.m in Sources */,
			);
			runOnlyForDeploymentPostprocessing = 0;
		};
		9B42A137216BC1BF0024D523 /* Sources */ = {
			isa = PBXSourcesBuildPhase;
			buildActionMask = 2147483647;
			files = (
				9B42A140216BC1BF0024D523 /* SYGMusicPlayerTests.m in Sources */,
			);
			runOnlyForDeploymentPostprocessing = 0;
		};
		9B42A142216BC1BF0024D523 /* Sources */ = {
			isa = PBXSourcesBuildPhase;
			buildActionMask = 2147483647;
			files = (
				9B42A14B216BC1BF0024D523 /* SYGMusicPlayerUITests.m in Sources */,
			);
			runOnlyForDeploymentPostprocessing = 0;
		};
/* End PBXSourcesBuildPhase section */

/* Begin PBXTargetDependency section */
		9B42A13D216BC1BF0024D523 /* PBXTargetDependency */ = {
			isa = PBXTargetDependency;
			target = 9B42A122216BC1BB0024D523 /* SYGMusicPlayer */;
			targetProxy = 9B42A13C216BC1BF0024D523 /* PBXContainerItemProxy */;
		};
		9B42A148216BC1BF0024D523 /* PBXTargetDependency */ = {
			isa = PBXTargetDependency;
			target = 9B42A122216BC1BB0024D523 /* SYGMusicPlayer */;
			targetProxy = 9B42A147216BC1BF0024D523 /* PBXContainerItemProxy */;
		};
/* End PBXTargetDependency section */

/* Begin PBXVariantGroup section */
		9B42A12C216BC1BB0024D523 /* Main.storyboard */ = {
			isa = PBXVariantGroup;
			children = (
				9B42A12D216BC1BB0024D523 /* Base */,
			);
			name = Main.storyboard;
			sourceTree = "<group>";
		};
		9B42A131216BC1BF0024D523 /* LaunchScreen.storyboard */ = {
			isa = PBXVariantGroup;
			children = (
				9B42A132216BC1BF0024D523 /* Base */,
			);
			name = LaunchScreen.storyboard;
			sourceTree = "<group>";
		};
/* End PBXVariantGroup section */

/* Begin XCBuildConfiguration section */
		9B42A14D216BC1BF0024D523 /* Debug */ = {
			isa = XCBuildConfiguration;
			buildSettings = {
				ALWAYS_SEARCH_USER_PATHS = NO;
				CLANG_ANALYZER_NONNULL = YES;
				CLANG_ANALYZER_NUMBER_OBJECT_CONVERSION = YES_AGGRESSIVE;
				CLANG_CXX_LANGUAGE_STANDARD = "gnu++14";
				CLANG_CXX_LIBRARY = "libc++";
				CLANG_ENABLE_MODULES = YES;
				CLANG_ENABLE_OBJC_ARC = YES;
				CLANG_ENABLE_OBJC_WEAK = YES;
				CLANG_WARN_BLOCK_CAPTURE_AUTORELEASING = YES;
				CLANG_WARN_BOOL_CONVERSION = YES;
				CLANG_WARN_COMMA = YES;
				CLANG_WARN_CONSTANT_CONVERSION = YES;
				CLANG_WARN_DEPRECATED_OBJC_IMPLEMENTATIONS = YES;
				CLANG_WARN_DIRECT_OBJC_ISA_USAGE = YES_ERROR;
				CLANG_WARN_DOCUMENTATION_COMMENTS = YES;
				CLANG_WARN_EMPTY_BODY = YES;
				CLANG_WARN_ENUM_CONVERSION = YES;
				CLANG_WARN_INFINITE_RECURSION = YES;
				CLANG_WARN_INT_CONVERSION = YES;
				CLANG_WARN_NON_LITERAL_NULL_CONVERSION = YES;
				CLANG_WARN_OBJC_IMPLICIT_RETAIN_SELF = YES;
				CLANG_WARN_OBJC_LITERAL_CONVERSION = YES;
				CLANG_WARN_OBJC_ROOT_CLASS = YES_ERROR;
				CLANG_WARN_RANGE_LOOP_ANALYSIS = YES;
				CLANG_WARN_STRICT_PROTOTYPES = YES;
				CLANG_WARN_SUSPICIOUS_MOVE = YES;
				CLANG_WARN_UNGUARDED_AVAILABILITY = YES_AGGRESSIVE;
				CLANG_WARN_UNREACHABLE_CODE = YES;
				CLANG_WARN__DUPLICATE_METHOD_MATCH = YES;
				CODE_SIGN_IDENTITY = "iPhone Developer";
				COPY_PHASE_STRIP = NO;
				DEBUG_INFORMATION_FORMAT = dwarf;
				ENABLE_STRICT_OBJC_MSGSEND = YES;
				ENABLE_TESTABILITY = YES;
				GCC_C_LANGUAGE_STANDARD = gnu11;
				GCC_DYNAMIC_NO_PIC = NO;
				GCC_NO_COMMON_BLOCKS = YES;
				GCC_OPTIMIZATION_LEVEL = 0;
				GCC_PREPROCESSOR_DEFINITIONS = (
					"DEBUG=1",
					"$(inherited)",
				);
				GCC_WARN_64_TO_32_BIT_CONVERSION = YES;
				GCC_WARN_ABOUT_RETURN_TYPE = YES_ERROR;
				GCC_WARN_UNDECLARED_SELECTOR = YES;
				GCC_WARN_UNINITIALIZED_AUTOS = YES_AGGRESSIVE;
				GCC_WARN_UNUSED_FUNCTION = YES;
				GCC_WARN_UNUSED_VARIABLE = YES;
				IPHONEOS_DEPLOYMENT_TARGET = 11.3;
				MTL_ENABLE_DEBUG_INFO = YES;
				ONLY_ACTIVE_ARCH = YES;
				SDKROOT = iphoneos;
			};
			name = Debug;
		};
		9B42A14E216BC1BF0024D523 /* Release */ = {
			isa = XCBuildConfiguration;
			buildSettings = {
				ALWAYS_SEARCH_USER_PATHS = NO;
				CLANG_ANALYZER_NONNULL = YES;
				CLANG_ANALYZER_NUMBER_OBJECT_CONVERSION = YES_AGGRESSIVE;
				CLANG_CXX_LANGUAGE_STANDARD = "gnu++14";
				CLANG_CXX_LIBRARY = "libc++";
				CLANG_ENABLE_MODULES = YES;
				CLANG_ENABLE_OBJC_ARC = YES;
				CLANG_ENABLE_OBJC_WEAK = YES;
				CLANG_WARN_BLOCK_CAPTURE_AUTORELEASING = YES;
				CLANG_WARN_BOOL_CONVERSION = YES;
				CLANG_WARN_COMMA = YES;
				CLANG_WARN_CONSTANT_CONVERSION = YES;
				CLANG_WARN_DEPRECATED_OBJC_IMPLEMENTATIONS = YES;
				CLANG_WARN_DIRECT_OBJC_ISA_USAGE = YES_ERROR;
				CLANG_WARN_DOCUMENTATION_COMMENTS = YES;
				CLANG_WARN_EMPTY_BODY = YES;
				CLANG_WARN_ENUM_CONVERSION = YES;
				CLANG_WARN_INFINITE_RECURSION = YES;
				CLANG_WARN_INT_CONVERSION = YES;
				CLANG_WARN_NON_LITERAL_NULL_CONVERSION = YES;
				CLANG_WARN_OBJC_IMPLICIT_RETAIN_SELF = YES;
				CLANG_WARN_OBJC_LITERAL_CONVERSION = YES;
				CLANG_WARN_OBJC_ROOT_CLASS = YES_ERROR;
				CLANG_WARN_RANGE_LOOP_ANALYSIS = YES;
				CLANG_WARN_STRICT_PROTOTYPES = YES;
				CLANG_WARN_SUSPICIOUS_MOVE = YES;
				CLANG_WARN_UNGUARDED_AVAILABILITY = YES_AGGRESSIVE;
				CLANG_WARN_UNREACHABLE_CODE = YES;
				CLANG_WARN__DUPLICATE_METHOD_MATCH = YES;
				CODE_SIGN_IDENTITY = "iPhone Developer";
				COPY_PHASE_STRIP = NO;
				DEBUG_INFORMATION_FORMAT = "dwarf-with-dsym";
				ENABLE_NS_ASSERTIONS = NO;
				ENABLE_STRICT_OBJC_MSGSEND = YES;
				GCC_C_LANGUAGE_STANDARD = gnu11;
				GCC_NO_COMMON_BLOCKS = YES;
				GCC_WARN_64_TO_32_BIT_CONVERSION = YES;
				GCC_WARN_ABOUT_RETURN_TYPE = YES_ERROR;
				GCC_WARN_UNDECLARED_SELECTOR = YES;
				GCC_WARN_UNINITIALIZED_AUTOS = YES_AGGRESSIVE;
				GCC_WARN_UNUSED_FUNCTION = YES;
				GCC_WARN_UNUSED_VARIABLE = YES;
				IPHONEOS_DEPLOYMENT_TARGET = 11.3;
				MTL_ENABLE_DEBUG_INFO = NO;
				SDKROOT = iphoneos;
				VALIDATE_PRODUCT = YES;
			};
			name = Release;
		};
		9B42A150216BC1BF0024D523 /* Debug */ = {
			isa = XCBuildConfiguration;
			baseConfigurationReference = 85B16188528F1FA9140BC874 /* Pods-SYGMusicPlayer.debug.xcconfig */;
			buildSettings = {
				ASSETCATALOG_COMPILER_APPICON_NAME = AppIcon;
				CODE_SIGN_STYLE = Automatic;
				DEVELOPMENT_TEAM = Q6828GT2RJ;
				INFOPLIST_FILE = SYGMusicPlayer/Info.plist;
				LD_RUNPATH_SEARCH_PATHS = (
					"$(inherited)",
					"@executable_path/Frameworks",
				);
				PRODUCT_BUNDLE_IDENTIFIER = com.syg.SYGMusicPlayer;
				PRODUCT_NAME = "$(TARGET_NAME)";
				TARGETED_DEVICE_FAMILY = "1,2";
			};
			name = Debug;
		};
		9B42A151216BC1BF0024D523 /* Release */ = {
			isa = XCBuildConfiguration;
			baseConfigurationReference = 55B34740ABE5D93F4CD48C21 /* Pods-SYGMusicPlayer.release.xcconfig */;
			buildSettings = {
				ASSETCATALOG_COMPILER_APPICON_NAME = AppIcon;
				CODE_SIGN_STYLE = Automatic;
				DEVELOPMENT_TEAM = Q6828GT2RJ;
				INFOPLIST_FILE = SYGMusicPlayer/Info.plist;
				LD_RUNPATH_SEARCH_PATHS = (
					"$(inherited)",
					"@executable_path/Frameworks",
				);
				PRODUCT_BUNDLE_IDENTIFIER = com.syg.SYGMusicPlayer;
				PRODUCT_NAME = "$(TARGET_NAME)";
				TARGETED_DEVICE_FAMILY = "1,2";
			};
			name = Release;
		};
		9B42A153216BC1BF0024D523 /* Debug */ = {
			isa = XCBuildConfiguration;
			buildSettings = {
				BUNDLE_LOADER = "$(TEST_HOST)";
				CODE_SIGN_STYLE = Automatic;
				DEVELOPMENT_TEAM = Q6828GT2RJ;
				INFOPLIST_FILE = SYGMusicPlayerTests/Info.plist;
				LD_RUNPATH_SEARCH_PATHS = (
					"$(inherited)",
					"@executable_path/Frameworks",
					"@loader_path/Frameworks",
				);
				PRODUCT_BUNDLE_IDENTIFIER = com.syg.SYGMusicPlayerTests;
				PRODUCT_NAME = "$(TARGET_NAME)";
				TARGETED_DEVICE_FAMILY = "1,2";
				TEST_HOST = "$(BUILT_PRODUCTS_DIR)/SYGMusicPlayer.app/SYGMusicPlayer";
			};
			name = Debug;
		};
		9B42A154216BC1BF0024D523 /* Release */ = {
			isa = XCBuildConfiguration;
			buildSettings = {
				BUNDLE_LOADER = "$(TEST_HOST)";
				CODE_SIGN_STYLE = Automatic;
				DEVELOPMENT_TEAM = Q6828GT2RJ;
				INFOPLIST_FILE = SYGMusicPlayerTests/Info.plist;
				LD_RUNPATH_SEARCH_PATHS = (
					"$(inherited)",
					"@executable_path/Frameworks",
					"@loader_path/Frameworks",
				);
				PRODUCT_BUNDLE_IDENTIFIER = com.syg.SYGMusicPlayerTests;
				PRODUCT_NAME = "$(TARGET_NAME)";
				TARGETED_DEVICE_FAMILY = "1,2";
				TEST_HOST = "$(BUILT_PRODUCTS_DIR)/SYGMusicPlayer.app/SYGMusicPlayer";
			};
			name = Release;
		};
		9B42A156216BC1BF0024D523 /* Debug */ = {
			isa = XCBuildConfiguration;
			buildSettings = {
				CODE_SIGN_STYLE = Automatic;
				DEVELOPMENT_TEAM = Q6828GT2RJ;
				INFOPLIST_FILE = SYGMusicPlayerUITests/Info.plist;
				LD_RUNPATH_SEARCH_PATHS = (
					"$(inherited)",
					"@executable_path/Frameworks",
					"@loader_path/Frameworks",
				);
				PRODUCT_BUNDLE_IDENTIFIER = com.syg.SYGMusicPlayerUITests;
				PRODUCT_NAME = "$(TARGET_NAME)";
				TARGETED_DEVICE_FAMILY = "1,2";
				TEST_TARGET_NAME = SYGMusicPlayer;
			};
			name = Debug;
		};
		9B42A157216BC1BF0024D523 /* Release */ = {
			isa = XCBuildConfiguration;
			buildSettings = {
				CODE_SIGN_STYLE = Automatic;
				DEVELOPMENT_TEAM = Q6828GT2RJ;
				INFOPLIST_FILE = SYGMusicPlayerUITests/Info.plist;
				LD_RUNPATH_SEARCH_PATHS = (
					"$(inherited)",
					"@executable_path/Frameworks",
					"@loader_path/Frameworks",
				);
				PRODUCT_BUNDLE_IDENTIFIER = com.syg.SYGMusicPlayerUITests;
				PRODUCT_NAME = "$(TARGET_NAME)";
				TARGETED_DEVICE_FAMILY = "1,2";
				TEST_TARGET_NAME = SYGMusicPlayer;
			};
			name = Release;
		};
/* End XCBuildConfiguration section */

/* Begin XCConfigurationList section */
		9B42A11E216BC1BB0024D523 /* Build configuration list for PBXProject "SYGMusicPlayer" */ = {
			isa = XCConfigurationList;
			buildConfigurations = (
				9B42A14D216BC1BF0024D523 /* Debug */,
				9B42A14E216BC1BF0024D523 /* Release */,
			);
			defaultConfigurationIsVisible = 0;
			defaultConfigurationName = Release;
		};
		9B42A14F216BC1BF0024D523 /* Build configuration list for PBXNativeTarget "SYGMusicPlayer" */ = {
			isa = XCConfigurationList;
			buildConfigurations = (
				9B42A150216BC1BF0024D523 /* Debug */,
				9B42A151216BC1BF0024D523 /* Release */,
			);
			defaultConfigurationIsVisible = 0;
			defaultConfigurationName = Release;
		};
		9B42A152216BC1BF0024D523 /* Build configuration list for PBXNativeTarget "SYGMusicPlayerTests" */ = {
			isa = XCConfigurationList;
			buildConfigurations = (
				9B42A153216BC1BF0024D523 /* Debug */,
				9B42A154216BC1BF0024D523 /* Release */,
			);
			defaultConfigurationIsVisible = 0;
			defaultConfigurationName = Release;
		};
		9B42A155216BC1BF0024D523 /* Build configuration list for PBXNativeTarget "SYGMusicPlayerUITests" */ = {
			isa = XCConfigurationList;
			buildConfigurations = (
				9B42A156216BC1BF0024D523 /* Debug */,
				9B42A157216BC1BF0024D523 /* Release */,
			);
			defaultConfigurationIsVisible = 0;
			defaultConfigurationName = Release;
		};
/* End XCConfigurationList section */
	};
	rootObject = 9B42A11B216BC1BB0024D523 /* Project object */;
}
